{
	"name": "testing-lerna-usage",
	"version": "1.0.4",
	"lockfileVersion": 1,
	"requires": true,
	"dependencies": {
		"testing-lerna-one": {
			"version": "1.0.4",
			"resolved": "https://registry.npmjs.org/testing-lerna-one/-/testing-lerna-one-1.0.4.tgz",
			"integrity": "sha512-2T+4wlfWH8OalHJj2GtgRMKf4vL4EDyjOERkdELrXg/88WJ9y7fKhbgBaJNOKS1YTaBDYNxg8ly+8fPFOVgGrQ=="
		},
		"testing-lerna-two": {
			"version": "1.0.4",
			"resolved": "https://registry.npmjs.org/testing-lerna-two/-/testing-lerna-two-1.0.4.tgz",
			"integrity": "sha512-7NUERDem8bOD6zISLypEOHolrXti1SFJG/C2LZSWSpC4dgYzx7Hy7TXIlf9R0PVG5rGFmNnKNAxiUWOt7PO0BQ=="
		}
	}
}
